
Microsoft Visual Studio Solution File, Format Version 12.00
# Visual Studio Version 17
VisualStudioVersion = 17.11.35431.28
MinimumVisualStudioVersion = 10.0.40219.1
Project("{FAE04EC0-301F-11D3-BF4B-00C04F79EFBC}") = "sportLeague", "sportLeague.csproj", "{1F9E9D28-FD71-4A9A-9AB2-3106A1EFA045}"
EndProject
Global
	GlobalSection(SolutionConfigurationPlatforms) = preSolution
		Debug|Any CPU = Debug|Any CPU
		Release|Any CPU = Release|Any CPU
	EndGlobalSection
	GlobalSection(ProjectConfigurationPlatforms) = postSolution
		{1F9E9D28-FD71-4A9A-9AB2-3106A1EFA045}.Debug|Any CPU.ActiveCfg = Debug|Any CPU
		{1F9E9D28-FD71-4A9A-9AB2-3106A1EFA045}.Debug|Any CPU.Build.0 = Debug|Any CPU
		{1F9E9D28-FD71-4A9A-9AB2-3106A1EFA045}.Release|Any CPU.ActiveCfg = Release|Any CPU
		{1F9E9D28-FD71-4A9A-9AB2-3106A1EFA045}.Release|Any CPU.Build.0 = Release|Any CPU
	EndGlobalSection
	GlobalSection(SolutionProperties) = preSolution
		HideSolutionNode = FALSE
	EndGlobalSection
	GlobalSection(ExtensibilityGlobals) = postSolution
		SolutionGuid = {95905291-A644-482D-9D33-5A694F1402DB}
	EndGlobalSection
EndGlobal
